// !$*UTF8*$!
{
	archiveVersion = 1;
	classes = {
	};
	objectVersion = 46;
	objects = {

/* Begin PBXBuildFile section */
		FE752CAC1B01756000B26578 /* main.m in Sources */ = {isa = PBXBuildFile; fileRef = FE752CAB1B01756000B26578 /* main.m */; };
		FE752CAF1B01756000B26578 /* AppDelegate.m in Sources */ = {isa = PBXBuildFile; fileRef = FE752CAE1B01756000B26578 /* AppDelegate.m */; };
		FE752CB21B01756000B26578 /* ViewController.m in Sources */ = {isa = PBXBuildFile; fileRef = FE752CB11B01756000B26578 /* ViewController.m */; };
		FE752CB51B01756000B26578 /* Main.storyboard in Resources */ = {isa = PBXBuildFile; fileRef = FE752CB31B01756000B26578 /* Main.storyboard */; };
		FE752CB71B01756000B26578 /* Images.xcassets in Resources */ = {isa = PBXBuildFile; fileRef = FE752CB61B01756000B26578 /* Images.xcassets */; };
		FE752CBA1B01756000B26578 /* LaunchScreen.xib in Resources */ = {isa = PBXBuildFile; fileRef = FE752CB81B01756000B26578 /* LaunchScreen.xib */; };
		FE752CC61B01756000B26578 /* BlocstagramTests.m in Sources */ = {isa = PBXBuildFile; fileRef = FE752CC51B01756000B26578 /* BlocstagramTests.m */; };
/* End PBXBuildFile section */

/* Begin PBXContainerItemProxy section */
		FE752CC01B01756000B26578 /* PBXContainerItemProxy */ = {
			isa = PBXContainerItemProxy;
			containerPortal = FE752C9E1B01756000B26578 /* Project object */;
			proxyType = 1;
			remoteGlobalIDString = FE752CA51B01756000B26578;
			remoteInfo = Blocstagram;
		};
/* End PBXContainerItemProxy section */

/* Begin PBXFileReference section */
		FE752CA61B01756000B26578 /* Blocstagram.app */ = {isa = PBXFileReference; explicitFileType = wrapper.application; includeInIndex = 0; path = Blocstagram.app; sourceTree = BUILT_PRODUCTS_DIR; };
		FE752CAA1B01756000B26578 /* Info.plist */ = {isa = PBXFileReference; lastKnownFileType = text.plist.xml; path = Info.plist; sourceTree = "<group>"; };
		FE752CAB1B01756000B26578 /* main.m */ = {isa = PBXFileReference; lastKnownFileType = sourcecode.c.objc; path = main.m; sourceTree = "<group>"; };
		FE752CAD1B01756000B26578 /* AppDelegate.h */ = {isa = PBXFileReference; lastKnownFileType = sourcecode.c.h; path = AppDelegate.h; sourceTree = "<group>"; };
		FE752CAE1B01756000B26578 /* AppDelegate.m */ = {isa = PBXFileReference; lastKnownFileType = sourcecode.c.objc; path = AppDelegate.m; sourceTree = "<group>"; };
		FE752CB01B01756000B26578 /* ViewController.h */ = {isa = PBXFileReference; lastKnownFileType = sourcecode.c.h; path = ViewController.h; sourceTree = "<group>"; };
		FE752CB11B01756000B26578 /* ViewController.m */ = {isa = PBXFileReference; lastKnownFileType = sourcecode.c.objc; path = ViewController.m; sourceTree = "<group>"; };
		FE752CB41B01756000B26578 /* Base */ = {isa = PBXFileReference; lastKnownFileType = file.storyboard; name = Base; path = Base.lproj/Main.storyboard; sourceTree = "<group>"; };
		FE752CB61B01756000B26578 /* Images.xcassets */ = {isa = PBXFileReference; lastKnownFileType = folder.assetcatalog; path = Images.xcassets; sourceTree = "<group>"; };
		FE752CB91B01756000B26578 /* Base */ = {isa = PBXFileReference; lastKnownFileType = file.xib; name = Base; path = Base.lproj/LaunchScreen.xib; sourceTree = "<group>"; };
		FE752CBF1B01756000B26578 /* BlocstagramTests.xctest */ = {isa = PBXFileReference; explicitFileType = wrapper.cfbundle; includeInIndex = 0; path = BlocstagramTests.xctest; sourceTree = BUILT_PRODUCTS_DIR; };
		FE752CC41B01756000B26578 /* Info.plist */ = {isa = PBXFileReference; lastKnownFileType = text.plist.xml; path = Info.plist; sourceTree = "<group>"; };
		FE752CC51B01756000B26578 /* BlocstagramTests.m */ = {isa = PBXFileReference; lastKnownFileType = sourcecode.c.objc; path = BlocstagramTests.m; sourceTree = "<group>"; };
/* End PBXFileReference section */

/* Begin PBXFrameworksBuildPhase section */
		FE752CA31B01756000B26578 /* Frameworks */ = {
			isa = PBXFrameworksBuildPhase;
			buildActionMask = 2147483647;
			files = (
			);
			runOnlyForDeploymentPostprocessing = 0;
		};
		FE752CBC1B01756000B26578 /* Frameworks */ = {
			isa = PBXFrameworksBuildPhase;
			buildActionMask = 2147483647;
			files = (
			);
			runOnlyForDeploymentPostprocessing = 0;
		};
/* End PBXFrameworksBuildPhase section */

/* Begin PBXGroup section */
		FE752C9D1B01756000B26578 = {
			isa = PBXGroup;
			children = (
				FE752CA81B01756000B26578 /* Blocstagram */,
				FE752CC21B01756000B26578 /* BlocstagramTests */,
				FE752CA71B01756000B26578 /* Products */,
			);
			sourceTree = "<group>";
		};
		FE752CA71B01756000B26578 /* Products */ = {
			isa = PBXGroup;
			children = (
				FE752CA61B01756000B26578 /* Blocstagram.app */,
				FE752CBF1B01756000B26578 /* BlocstagramTests.xctest */,
			);
			name = Products;
			sourceTree = "<group>";
		};
		FE752CA81B01756000B26578 /* Blocstagram */ = {
			isa = PBXGroup;
			children = (
				FE752CAD1B01756000B26578 /* AppDelegate.h */,
				FE752CAE1B01756000B26578 /* AppDelegate.m */,
				FE752CB01B01756000B26578 /* ViewController.h */,
				FE752CB11B01756000B26578 /* ViewController.m */,
				FE752CB31B01756000B26578 /* Main.storyboard */,
				FE752CB61B01756000B26578 /* Images.xcassets */,
				FE752CB81B01756000B26578 /* LaunchScreen.xib */,
				FE752CA91B01756000B26578 /* Supporting Files */,
			);
			path = Blocstagram;
			sourceTree = "<group>";
		};
		FE752CA91B01756000B26578 /* Supporting Files */ = {
			isa = PBXGroup;
			children = (
				FE752CAA1B01756000B26578 /* Info.plist */,
				FE752CAB1B01756000B26578 /* main.m */,
			);
			name = "Supporting Files";
			sourceTree = "<group>";
		};
		FE752CC21B01756000B26578 /* BlocstagramTests */ = {
			isa = PBXGroup;
			children = (
				FE752CC51B01756000B26578 /* BlocstagramTests.m */,
				FE752CC31B01756000B26578 /* Supporting Files */,
			);
			path = BlocstagramTests;
			sourceTree = "<group>";
		};
		FE752CC31B01756000B26578 /* Supporting Files */ = {
			isa = PBXGroup;
			children = (
				FE752CC41B01756000B26578 /* Info.plist */,
			);
			name = "Supporting Files";
			sourceTree = "<group>";
		};
/* End PBXGroup section */

/* Begin PBXNativeTarget section */
		FE752CA51B01756000B26578 /* Blocstagram */ = {
			isa = PBXNativeTarget;
			buildConfigurationList = FE752CC91B01756000B26578 /* Build configuration list for PBXNativeTarget "Blocstagram" */;
			buildPhases = (
				FE752CA21B01756000B26578 /* Sources */,
				FE752CA31B01756000B26578 /* Frameworks */,
				FE752CA41B01756000B26578 /* Resources */,
			);
			buildRules = (
			);
			dependencies = (
			);
			name = Blocstagram;
			productName = Blocstagram;
			productReference = FE752CA61B01756000B26578 /* Blocstagram.app */;
			productType = "com.apple.product-type.application";
		};
		FE752CBE1B01756000B26578 /* BlocstagramTests */ = {
			isa = PBXNativeTarget;
			buildConfigurationList = FE752CCC1B01756000B26578 /* Build configuration list for PBXNativeTarget "BlocstagramTests" */;
			buildPhases = (
				FE752CBB1B01756000B26578 /* Sources */,
				FE752CBC1B01756000B26578 /* Frameworks */,
				FE752CBD1B01756000B26578 /* Resources */,
			);
			buildRules = (
			);
			dependencies = (
				FE752CC11B01756000B26578 /* PBXTargetDependency */,
			);
			name = BlocstagramTests;
			productName = BlocstagramTests;
			productReference = FE752CBF1B01756000B26578 /* BlocstagramTests.xctest */;
			productType = "com.apple.product-type.bundle.unit-test";
		};
/* End PBXNativeTarget section */

/* Begin PBXProject section */
		FE752C9E1B01756000B26578 /* Project object */ = {
			isa = PBXProject;
			attributes = {
				LastUpgradeCheck = 0630;
				ORGANIZATIONNAME = "Michelle Rutherford";
				TargetAttributes = {
					FE752CA51B01756000B26578 = {
						CreatedOnToolsVersion = 6.3.1;
					};
					FE752CBE1B01756000B26578 = {
						CreatedOnToolsVersion = 6.3.1;
						TestTargetID = FE752CA51B01756000B26578;
					};
				};
			};
			buildConfigurationList = FE752CA11B01756000B26578 /* Build configuration list for PBXProject "Blocstagram" */;
			compatibilityVersion = "Xcode 3.2";
			developmentRegion = English;
			hasScannedForEncodings = 0;
			knownRegions = (
				en,
				Base,
			);
			mainGroup = FE752C9D1B01756000B26578;
			productRefGroup = FE752CA71B01756000B26578 /* Products */;
			projectDirPath = "";
			projectRoot = "";
			targets = (
				FE752CA51B01756000B26578 /* Blocstagram */,
				FE752CBE1B01756000B26578 /* BlocstagramTests */,
			);
		};
/* End PBXProject section */

/* Begin PBXResourcesBuildPhase section */
		FE752CA41B01756000B26578 /* Resources */ = {
			isa = PBXResourcesBuildPhase;
			buildActionMask = 2147483647;
			files = (
				FE752CB51B01756000B26578 /* Main.storyboard in Resources */,
				FE752CBA1B01756000B26578 /* LaunchScreen.xib in Resources */,
				FE752CB71B01756000B26578 /* Images.xcassets in Resources */,
			);
			runOnlyForDeploymentPostprocessing = 0;
		};
		FE752CBD1B01756000B26578 /* Resources */ = {
			isa = PBXResourcesBuildPhase;
			buildActionMask = 2147483647;
			files = (
			);
			runOnlyForDeploymentPostprocessing = 0;
		};
/* End PBXResourcesBuildPhase section */

/* Begin PBXSourcesBuildPhase section */
		FE752CA21B01756000B26578 /* Sources */ = {
			isa = PBXSourcesBuildPhase;
			buildActionMask = 2147483647;
			files = (
				FE752CB21B01756000B26578 /* ViewController.m in Sources */,
				FE752CAF1B01756000B26578 /* AppDelegate.m in Sources */,
				FE752CAC1B01756000B26578 /* main.m in Sources */,
			);
			runOnlyForDeploymentPostprocessing = 0;
		};
		FE752CBB1B01756000B26578 /* Sources */ = {
			isa = PBXSourcesBuildPhase;
			buildActionMask = 2147483647;
			files = (
				FE752CC61B01756000B26578 /* BlocstagramTests.m in Sources */,
			);
			runOnlyForDeploymentPostprocessing = 0;
		};
/* End PBXSourcesBuildPhase section */

/* Begin PBXTargetDependency section */
		FE752CC11B01756000B26578 /* PBXTargetDependency */ = {
			isa = PBXTargetDependency;
			target = FE752CA51B01756000B26578 /* Blocstagram */;
			targetProxy = FE752CC01B01756000B26578 /* PBXContainerItemProxy */;
		};
/* End PBXTargetDependency section */

/* Begin PBXVariantGroup section */
		FE752CB31B01756000B26578 /* Main.storyboard */ = {
			isa = PBXVariantGroup;
			children = (
				FE752CB41B01756000B26578 /* Base */,
			);
			name = Main.storyboard;
			sourceTree = "<group>";
		};
		FE752CB81B01756000B26578 /* LaunchScreen.xib */ = {
			isa = PBXVariantGroup;
			children = (
				FE752CB91B01756000B26578 /* Base */,
			);
			name = LaunchScreen.xib;
			sourceTree = "<group>";
		};
/* End PBXVariantGroup section */

/* Begin XCBuildConfiguration section */
		FE752CC71B01756000B26578 /* Debug */ = {
			isa = XCBuildConfiguration;
			buildSettings = {
				ALWAYS_SEARCH_USER_PATHS = NO;
				CLANG_CXX_LANGUAGE_STANDARD = "gnu++0x";
				CLANG_CXX_LIBRARY = "libc++";
				CLANG_ENABLE_MODULES = YES;
				CLANG_ENABLE_OBJC_ARC = YES;
				CLANG_WARN_BOOL_CONVERSION = YES;
				CLANG_WARN_CONSTANT_CONVERSION = YES;
				CLANG_WARN_DIRECT_OBJC_ISA_USAGE = YES_ERROR;
				CLANG_WARN_EMPTY_BODY = YES;
				CLANG_WARN_ENUM_CONVERSION = YES;
				CLANG_WARN_INT_CONVERSION = YES;
				CLANG_WARN_OBJC_ROOT_CLASS = YES_ERROR;
				CLANG_WARN_UNREACHABLE_CODE = YES;
				CLANG_WARN__DUPLICATE_METHOD_MATCH = YES;
				"CODE_SIGN_IDENTITY[sdk=iphoneos*]" = "iPhone Developer";
				COPY_PHASE_STRIP = NO;
				DEBUG_INFORMATION_FORMAT = "dwarf-with-dsym";
				ENABLE_STRICT_OBJC_MSGSEND = YES;
				GCC_C_LANGUAGE_STANDARD = gnu99;
				GCC_DYNAMIC_NO_PIC = NO;
				GCC_NO_COMMON_BLOCKS = YES;
				GCC_OPTIMIZATION_LEVEL = 0;
				GCC_PREPROCESSOR_DEFINITIONS = (
					"DEBUG=1",
					"$(inherited)",
				);
				GCC_SYMBOLS_PRIVATE_EXTERN = NO;
				GCC_WARN_64_TO_32_BIT_CONVERSION = YES;
				GCC_WARN_ABOUT_RETURN_TYPE = YES_ERROR;
				GCC_WARN_UNDECLARED_SELECTOR = YES;
				GCC_WARN_UNINITIALIZED_AUTOS = YES_AGGRESSIVE;
				GCC_WARN_UNUSED_FUNCTION = YES;
				GCC_WARN_UNUSED_VARIABLE = YES;
				IPHONEOS_DEPLOYMENT_TARGET = 8.3;
				MTL_ENABLE_DEBUG_INFO = YES;
				ONLY_ACTIVE_ARCH = YES;
				SDKROOT = iphoneos;
				TARGETED_DEVICE_FAMILY = "1,2";
			};
			name = Debug;
		};
		FE752CC81B01756000B26578 /* Release */ = {
			isa = XCBuildConfiguration;
			buildSettings = {
				ALWAYS_SEARCH_USER_PATHS = NO;
				CLANG_CXX_LANGUAGE_STANDARD = "gnu++0x";
				CLANG_CXX_LIBRARY = "libc++";
				CLANG_ENABLE_MODULES = YES;
				CLANG_ENABLE_OBJC_ARC = YES;
				CLANG_WARN_BOOL_CONVERSION = YES;
				CLANG_WARN_CONSTANT_CONVERSION = YES;
				CLANG_WARN_DIRECT_OBJC_ISA_USAGE = YES_ERROR;
				CLANG_WARN_EMPTY_BODY = YES;
				CLANG_WARN_ENUM_CONVERSION = YES;
				CLANG_WARN_INT_CONVERSION = YES;
				CLANG_WARN_OBJC_ROOT_CLASS = YES_ERROR;
				CLANG_WARN_UNREACHABLE_CODE = YES;
				CLANG_WARN__DUPLICATE_METHOD_MATCH = YES;
				"CODE_SIGN_IDENTITY[sdk=iphoneos*]" = "iPhone Developer";
				COPY_PHASE_STRIP = NO;
				DEBUG_INFORMATION_FORMAT = "dwarf-with-dsym";
				ENABLE_NS_ASSERTIONS = NO;
				ENABLE_STRICT_OBJC_MSGSEND = YES;
				GCC_C_LANGUAGE_STANDARD = gnu99;
				GCC_NO_COMMON_BLOCKS = YES;
				GCC_WARN_64_TO_32_BIT_CONVERSION = YES;
				GCC_WARN_ABOUT_RETURN_TYPE = YES_ERROR;
				GCC_WARN_UNDECLARED_SELECTOR = YES;
				GCC_WARN_UNINITIALIZED_AUTOS = YES_AGGRESSIVE;
				GCC_WARN_UNUSED_FUNCTION = YES;
				GCC_WARN_UNUSED_VARIABLE = YES;
				IPHONEOS_DEPLOYMENT_TARGET = 8.3;
				MTL_ENABLE_DEBUG_INFO = NO;
				SDKROOT = iphoneos;
				TARGETED_DEVICE_FAMILY = "1,2";
				VALIDATE_PRODUCT = YES;
			};
			name = Release;
		};
		FE752CCA1B01756000B26578 /* Debug */ = {
			isa = XCBuildConfiguration;
			buildSettings = {
				ASSETCATALOG_COMPILER_APPICON_NAME = AppIcon;
				INFOPLIST_FILE = Blocstagram/Info.plist;
				LD_RUNPATH_SEARCH_PATHS = "$(inherited) @executable_path/Frameworks";
				PRODUCT_NAME = "$(TARGET_NAME)";
			};
			name = Debug;
		};
		FE752CCB1B01756000B26578 /* Release */ = {
			isa = XCBuildConfiguration;
			buildSettings = {
				ASSETCATALOG_COMPILER_APPICON_NAME = AppIcon;
				INFOPLIST_FILE = Blocstagram/Info.plist;
				LD_RUNPATH_SEARCH_PATHS = "$(inherited) @executable_path/Frameworks";
				PRODUCT_NAME = "$(TARGET_NAME)";
			};
			name = Release;
		};
		FE752CCD1B01756000B26578 /* Debug */ = {
			isa = XCBuildConfiguration;
			buildSettings = {
				BUNDLE_LOADER = "$(TEST_HOST)";
				FRAMEWORK_SEARCH_PATHS = (
					"$(SDKROOT)/Developer/Library/Frameworks",
					"$(inherited)",
				);
				GCC_PREPROCESSOR_DEFINITIONS = (
					"DEBUG=1",
					"$(inherited)",
				);
				INFOPLIST_FILE = BlocstagramTests/Info.plist;
				LD_RUNPATH_SEARCH_PATHS = "$(inherited) @executable_path/Frameworks @loader_path/Frameworks";
				PRODUCT_NAME = "$(TARGET_NAME)";
				TEST_HOST = "$(BUILT_PRODUCTS_DIR)/Blocstagram.app/Blocstagram";
			};
			name = Debug;
		};
		FE752CCE1B01756000B26578 /* Release */ = {
			isa = XCBuildConfiguration;
			buildSettings = {
				BUNDLE_LOADER = "$(TEST_HOST)";
				FRAMEWORK_SEARCH_PATHS = (
					"$(SDKROOT)/Developer/Library/Frameworks",
					"$(inherited)",
				);
				INFOPLIST_FILE = BlocstagramTests/Info.plist;
				LD_RUNPATH_SEARCH_PATHS = "$(inherited) @executable_path/Frameworks @loader_path/Frameworks";
				PRODUCT_NAME = "$(TARGET_NAME)";
				TEST_HOST = "$(BUILT_PRODUCTS_DIR)/Blocstagram.app/Blocstagram";
			};
			name = Release;
		};
/* End XCBuildConfiguration section */

/* Begin XCConfigurationList section */
		FE752CA11B01756000B26578 /* Build configuration list for PBXProject "Blocstagram" */ = {
			isa = XCConfigurationList;
			buildConfigurations = (
				FE752CC71B01756000B26578 /* Debug */,
				FE752CC81B01756000B26578 /* Release */,
			);
			defaultConfigurationIsVisible = 0;
			defaultConfigurationName = Release;
		};
		FE752CC91B01756000B26578 /* Build configuration list for PBXNativeTarget "Blocstagram" */ = {
			isa = XCConfigurationList;
			buildConfigurations = (
				FE752CCA1B01756000B26578 /* Debug */,
				FE752CCB1B01756000B26578 /* Release */,
			);
			defaultConfigurationIsVisible = 0;
		};
		FE752CCC1B01756000B26578 /* Build configuration list for PBXNativeTarget "BlocstagramTests" */ = {
			isa = XCConfigurationList;
			buildConfigurations = (
				FE752CCD1B01756000B26578 /* Debug */,
				FE752CCE1B01756000B26578 /* Release */,
			);
			defaultConfigurationIsVisible = 0;
		};
/* End XCConfigurationList section */
	};
	rootObject = FE752C9E1B01756000B26578 /* Project object */;
}
