// !$*UTF8*$!
{
	archiveVersion = 1;
	classes = {
	};
	objectVersion = 46;
	objects = {

/* Begin PBXBuildFile section */
		FE1DF8401B079AC600CFC79F /* MediaTableViewCell.m in Sources */ = {isa = PBXBuildFile; fileRef = FE1DF83F1B079AC600CFC79F /* MediaTableViewCell.m */; };
		FE6760DB1B0180D5007476B0 /* main.m in Sources */ = {isa = PBXBuildFile; fileRef = FE6760DA1B0180D5007476B0 /* main.m */; };
		FE6760DE1B0180D5007476B0 /* AppDelegate.m in Sources */ = {isa = PBXBuildFile; fileRef = FE6760DD1B0180D5007476B0 /* AppDelegate.m */; };
		FE6760E41B0180D5007476B0 /* Main.storyboard in Resources */ = {isa = PBXBuildFile; fileRef = FE6760E21B0180D5007476B0 /* Main.storyboard */; };
		FE6760E61B0180D5007476B0 /* Images.xcassets in Resources */ = {isa = PBXBuildFile; fileRef = FE6760E51B0180D5007476B0 /* Images.xcassets */; };
		FE6760E91B0180D5007476B0 /* LaunchScreen.xib in Resources */ = {isa = PBXBuildFile; fileRef = FE6760E71B0180D5007476B0 /* LaunchScreen.xib */; };
		FE6760F51B0180D5007476B0 /* BlocstagramTests.m in Sources */ = {isa = PBXBuildFile; fileRef = FE6760F41B0180D5007476B0 /* BlocstagramTests.m */; };
		FE6761091B01819C007476B0 /* 1.jpg in Resources */ = {isa = PBXBuildFile; fileRef = FE6760FF1B01819C007476B0 /* 1.jpg */; };
		FE67610A1B01819C007476B0 /* 2.jpg in Resources */ = {isa = PBXBuildFile; fileRef = FE6761001B01819C007476B0 /* 2.jpg */; };
		FE67610B1B01819C007476B0 /* 3.jpg in Resources */ = {isa = PBXBuildFile; fileRef = FE6761011B01819C007476B0 /* 3.jpg */; };
		FE67610C1B01819C007476B0 /* 4.jpg in Resources */ = {isa = PBXBuildFile; fileRef = FE6761021B01819C007476B0 /* 4.jpg */; };
		FE67610D1B01819C007476B0 /* 5.jpg in Resources */ = {isa = PBXBuildFile; fileRef = FE6761031B01819C007476B0 /* 5.jpg */; };
		FE67610E1B01819C007476B0 /* 6.jpg in Resources */ = {isa = PBXBuildFile; fileRef = FE6761041B01819C007476B0 /* 6.jpg */; };
		FE67610F1B01819C007476B0 /* 7.jpg in Resources */ = {isa = PBXBuildFile; fileRef = FE6761051B01819C007476B0 /* 7.jpg */; };
		FE6761101B01819C007476B0 /* 8.jpg in Resources */ = {isa = PBXBuildFile; fileRef = FE6761061B01819C007476B0 /* 8.jpg */; };
		FE6761111B01819C007476B0 /* 9.jpg in Resources */ = {isa = PBXBuildFile; fileRef = FE6761071B01819C007476B0 /* 9.jpg */; };
		FE6761121B01819C007476B0 /* 10.jpg in Resources */ = {isa = PBXBuildFile; fileRef = FE6761081B01819C007476B0 /* 10.jpg */; };
		FE6761151B0181CE007476B0 /* ImagesTableViewController.m in Sources */ = {isa = PBXBuildFile; fileRef = FE6761141B0181CE007476B0 /* ImagesTableViewController.m */; };
		FEA4DB711B5C226C0078A7E7 /* LoginViewController.m in Sources */ = {isa = PBXBuildFile; fileRef = FEA4DB701B5C226C0078A7E7 /* LoginViewController.m */; };
		FEF78F5E1B0785DE00A7929C /* User.m in Sources */ = {isa = PBXBuildFile; fileRef = FEF78F5D1B0785DE00A7929C /* User.m */; };
		FEF78F611B0786B500A7929C /* Media.m in Sources */ = {isa = PBXBuildFile; fileRef = FEF78F601B0786B500A7929C /* Media.m */; };
		FEF78F641B07884600A7929C /* DataSource.m in Sources */ = {isa = PBXBuildFile; fileRef = FEF78F631B07884600A7929C /* DataSource.m */; };
		FEF78F671B078EE100A7929C /* Comment.m in Sources */ = {isa = PBXBuildFile; fileRef = FEF78F661B078EE100A7929C /* Comment.m */; };
/* End PBXBuildFile section */

/* Begin PBXContainerItemProxy section */
		FE6760EF1B0180D5007476B0 /* PBXContainerItemProxy */ = {
			isa = PBXContainerItemProxy;
			containerPortal = FE6760CD1B0180D5007476B0 /* Project object */;
			proxyType = 1;
			remoteGlobalIDString = FE6760D41B0180D5007476B0;
			remoteInfo = Blocstagram;
		};
/* End PBXContainerItemProxy section */

/* Begin PBXFileReference section */
		FE1DF83E1B079AC600CFC79F /* MediaTableViewCell.h */ = {isa = PBXFileReference; fileEncoding = 4; lastKnownFileType = sourcecode.c.h; path = MediaTableViewCell.h; sourceTree = "<group>"; };
		FE1DF83F1B079AC600CFC79F /* MediaTableViewCell.m */ = {isa = PBXFileReference; fileEncoding = 4; lastKnownFileType = sourcecode.c.objc; path = MediaTableViewCell.m; sourceTree = "<group>"; };
		FE6760D51B0180D5007476B0 /* Blocstagram.app */ = {isa = PBXFileReference; explicitFileType = wrapper.application; includeInIndex = 0; path = Blocstagram.app; sourceTree = BUILT_PRODUCTS_DIR; };
		FE6760D91B0180D5007476B0 /* Info.plist */ = {isa = PBXFileReference; lastKnownFileType = text.plist.xml; path = Info.plist; sourceTree = "<group>"; };
		FE6760DA1B0180D5007476B0 /* main.m */ = {isa = PBXFileReference; lastKnownFileType = sourcecode.c.objc; path = main.m; sourceTree = "<group>"; };
		FE6760DC1B0180D5007476B0 /* AppDelegate.h */ = {isa = PBXFileReference; lastKnownFileType = sourcecode.c.h; path = AppDelegate.h; sourceTree = "<group>"; };
		FE6760DD1B0180D5007476B0 /* AppDelegate.m */ = {isa = PBXFileReference; lastKnownFileType = sourcecode.c.objc; path = AppDelegate.m; sourceTree = "<group>"; };
		FE6760E31B0180D5007476B0 /* Base */ = {isa = PBXFileReference; lastKnownFileType = file.storyboard; name = Base; path = Base.lproj/Main.storyboard; sourceTree = "<group>"; };
		FE6760E51B0180D5007476B0 /* Images.xcassets */ = {isa = PBXFileReference; lastKnownFileType = folder.assetcatalog; path = Images.xcassets; sourceTree = "<group>"; };
		FE6760E81B0180D5007476B0 /* Base */ = {isa = PBXFileReference; lastKnownFileType = file.xib; name = Base; path = Base.lproj/LaunchScreen.xib; sourceTree = "<group>"; };
		FE6760EE1B0180D5007476B0 /* BlocstagramTests.xctest */ = {isa = PBXFileReference; explicitFileType = wrapper.cfbundle; includeInIndex = 0; path = BlocstagramTests.xctest; sourceTree = BUILT_PRODUCTS_DIR; };
		FE6760F31B0180D5007476B0 /* Info.plist */ = {isa = PBXFileReference; lastKnownFileType = text.plist.xml; path = Info.plist; sourceTree = "<group>"; };
		FE6760F41B0180D5007476B0 /* BlocstagramTests.m */ = {isa = PBXFileReference; lastKnownFileType = sourcecode.c.objc; path = BlocstagramTests.m; sourceTree = "<group>"; };
		FE6760FF1B01819C007476B0 /* 1.jpg */ = {isa = PBXFileReference; lastKnownFileType = image.jpeg; path = 1.jpg; sourceTree = "<group>"; };
		FE6761001B01819C007476B0 /* 2.jpg */ = {isa = PBXFileReference; lastKnownFileType = image.jpeg; path = 2.jpg; sourceTree = "<group>"; };
		FE6761011B01819C007476B0 /* 3.jpg */ = {isa = PBXFileReference; lastKnownFileType = image.jpeg; path = 3.jpg; sourceTree = "<group>"; };
		FE6761021B01819C007476B0 /* 4.jpg */ = {isa = PBXFileReference; lastKnownFileType = image.jpeg; path = 4.jpg; sourceTree = "<group>"; };
		FE6761031B01819C007476B0 /* 5.jpg */ = {isa = PBXFileReference; lastKnownFileType = image.jpeg; path = 5.jpg; sourceTree = "<group>"; };
		FE6761041B01819C007476B0 /* 6.jpg */ = {isa = PBXFileReference; lastKnownFileType = image.jpeg; path = 6.jpg; sourceTree = "<group>"; };
		FE6761051B01819C007476B0 /* 7.jpg */ = {isa = PBXFileReference; lastKnownFileType = image.jpeg; path = 7.jpg; sourceTree = "<group>"; };
		FE6761061B01819C007476B0 /* 8.jpg */ = {isa = PBXFileReference; lastKnownFileType = image.jpeg; path = 8.jpg; sourceTree = "<group>"; };
		FE6761071B01819C007476B0 /* 9.jpg */ = {isa = PBXFileReference; lastKnownFileType = image.jpeg; path = 9.jpg; sourceTree = "<group>"; };
		FE6761081B01819C007476B0 /* 10.jpg */ = {isa = PBXFileReference; lastKnownFileType = image.jpeg; path = 10.jpg; sourceTree = "<group>"; };
		FE6761131B0181CE007476B0 /* ImagesTableViewController.h */ = {isa = PBXFileReference; fileEncoding = 4; lastKnownFileType = sourcecode.c.h; path = ImagesTableViewController.h; sourceTree = "<group>"; };
		FE6761141B0181CE007476B0 /* ImagesTableViewController.m */ = {isa = PBXFileReference; fileEncoding = 4; lastKnownFileType = sourcecode.c.objc; path = ImagesTableViewController.m; sourceTree = "<group>"; };
		FEA4DB6F1B5C226C0078A7E7 /* LoginViewController.h */ = {isa = PBXFileReference; fileEncoding = 4; lastKnownFileType = sourcecode.c.h; path = LoginViewController.h; sourceTree = "<group>"; };
		FEA4DB701B5C226C0078A7E7 /* LoginViewController.m */ = {isa = PBXFileReference; fileEncoding = 4; lastKnownFileType = sourcecode.c.objc; path = LoginViewController.m; sourceTree = "<group>"; };
		FEF78F5C1B0785DE00A7929C /* User.h */ = {isa = PBXFileReference; fileEncoding = 4; lastKnownFileType = sourcecode.c.h; path = User.h; sourceTree = "<group>"; };
		FEF78F5D1B0785DE00A7929C /* User.m */ = {isa = PBXFileReference; fileEncoding = 4; lastKnownFileType = sourcecode.c.objc; path = User.m; sourceTree = "<group>"; };
		FEF78F5F1B0786B500A7929C /* Media.h */ = {isa = PBXFileReference; fileEncoding = 4; lastKnownFileType = sourcecode.c.h; path = Media.h; sourceTree = "<group>"; };
		FEF78F601B0786B500A7929C /* Media.m */ = {isa = PBXFileReference; fileEncoding = 4; lastKnownFileType = sourcecode.c.objc; path = Media.m; sourceTree = "<group>"; };
		FEF78F621B07884600A7929C /* DataSource.h */ = {isa = PBXFileReference; fileEncoding = 4; lastKnownFileType = sourcecode.c.h; path = DataSource.h; sourceTree = "<group>"; };
		FEF78F631B07884600A7929C /* DataSource.m */ = {isa = PBXFileReference; fileEncoding = 4; lastKnownFileType = sourcecode.c.objc; path = DataSource.m; sourceTree = "<group>"; };
		FEF78F651B078EE100A7929C /* Comment.h */ = {isa = PBXFileReference; fileEncoding = 4; lastKnownFileType = sourcecode.c.h; path = Comment.h; sourceTree = "<group>"; };
		FEF78F661B078EE100A7929C /* Comment.m */ = {isa = PBXFileReference; fileEncoding = 4; lastKnownFileType = sourcecode.c.objc; path = Comment.m; sourceTree = "<group>"; };
/* End PBXFileReference section */

/* Begin PBXFrameworksBuildPhase section */
		FE6760D21B0180D5007476B0 /* Frameworks */ = {
			isa = PBXFrameworksBuildPhase;
			buildActionMask = 2147483647;
			files = (
			);
			runOnlyForDeploymentPostprocessing = 0;
		};
		FE6760EB1B0180D5007476B0 /* Frameworks */ = {
			isa = PBXFrameworksBuildPhase;
			buildActionMask = 2147483647;
			files = (
			);
			runOnlyForDeploymentPostprocessing = 0;
		};
/* End PBXFrameworksBuildPhase section */

/* Begin PBXGroup section */
		FE6760CC1B0180D5007476B0 = {
			isa = PBXGroup;
			children = (
				FE6760D71B0180D5007476B0 /* Blocstagram */,
				FE6760F11B0180D5007476B0 /* BlocstagramTests */,
				FE6760D61B0180D5007476B0 /* Products */,
			);
			sourceTree = "<group>";
		};
		FE6760D61B0180D5007476B0 /* Products */ = {
			isa = PBXGroup;
			children = (
				FE6760D51B0180D5007476B0 /* Blocstagram.app */,
				FE6760EE1B0180D5007476B0 /* BlocstagramTests.xctest */,
			);
			name = Products;
			sourceTree = "<group>";
		};
		FE6760D71B0180D5007476B0 /* Blocstagram */ = {
			isa = PBXGroup;
			children = (
				FE6760FE1B018174007476B0 /* Images */,
				FE6760DC1B0180D5007476B0 /* AppDelegate.h */,
				FE6760DD1B0180D5007476B0 /* AppDelegate.m */,
				FE6761131B0181CE007476B0 /* ImagesTableViewController.h */,
				FE6761141B0181CE007476B0 /* ImagesTableViewController.m */,
				FE6760E21B0180D5007476B0 /* Main.storyboard */,
				FEF78F5C1B0785DE00A7929C /* User.h */,
				FEF78F5D1B0785DE00A7929C /* User.m */,
				FEF78F5F1B0786B500A7929C /* Media.h */,
				FEF78F601B0786B500A7929C /* Media.m */,
				FE6760E51B0180D5007476B0 /* Images.xcassets */,
				FE6760E71B0180D5007476B0 /* LaunchScreen.xib */,
				FE6760D81B0180D5007476B0 /* Supporting Files */,
				FEF78F621B07884600A7929C /* DataSource.h */,
				FEF78F631B07884600A7929C /* DataSource.m */,
				FEF78F651B078EE100A7929C /* Comment.h */,
				FEF78F661B078EE100A7929C /* Comment.m */,
				FE1DF83E1B079AC600CFC79F /* MediaTableViewCell.h */,
				FE1DF83F1B079AC600CFC79F /* MediaTableViewCell.m */,
				FEA4DB6F1B5C226C0078A7E7 /* LoginViewController.h */,
				FEA4DB701B5C226C0078A7E7 /* LoginViewController.m */,
			);
			path = Blocstagram;
			sourceTree = "<group>";
		};
		FE6760D81B0180D5007476B0 /* Supporting Files */ = {
			isa = PBXGroup;
			children = (
				FE6760D91B0180D5007476B0 /* Info.plist */,
				FE6760DA1B0180D5007476B0 /* main.m */,
			);
			name = "Supporting Files";
			sourceTree = "<group>";
		};
		FE6760F11B0180D5007476B0 /* BlocstagramTests */ = {
			isa = PBXGroup;
			children = (
				FE6760F41B0180D5007476B0 /* BlocstagramTests.m */,
				FE6760F21B0180D5007476B0 /* Supporting Files */,
			);
			path = BlocstagramTests;
			sourceTree = "<group>";
		};
		FE6760F21B0180D5007476B0 /* Supporting Files */ = {
			isa = PBXGroup;
			children = (
				FE6760F31B0180D5007476B0 /* Info.plist */,
			);
			name = "Supporting Files";
			sourceTree = "<group>";
		};
		FE6760FE1B018174007476B0 /* Images */ = {
			isa = PBXGroup;
			children = (
				FE6760FF1B01819C007476B0 /* 1.jpg */,
				FE6761001B01819C007476B0 /* 2.jpg */,
				FE6761011B01819C007476B0 /* 3.jpg */,
				FE6761021B01819C007476B0 /* 4.jpg */,
				FE6761031B01819C007476B0 /* 5.jpg */,
				FE6761041B01819C007476B0 /* 6.jpg */,
				FE6761051B01819C007476B0 /* 7.jpg */,
				FE6761061B01819C007476B0 /* 8.jpg */,
				FE6761071B01819C007476B0 /* 9.jpg */,
				FE6761081B01819C007476B0 /* 10.jpg */,
			);
			name = Images;
			sourceTree = "<group>";
		};
/* End PBXGroup section */

/* Begin PBXNativeTarget section */
		FE6760D41B0180D5007476B0 /* Blocstagram */ = {
			isa = PBXNativeTarget;
			buildConfigurationList = FE6760F81B0180D5007476B0 /* Build configuration list for PBXNativeTarget "Blocstagram" */;
			buildPhases = (
				FE6760D11B0180D5007476B0 /* Sources */,
				FE6760D21B0180D5007476B0 /* Frameworks */,
				FE6760D31B0180D5007476B0 /* Resources */,
			);
			buildRules = (
			);
			dependencies = (
			);
			name = Blocstagram;
			productName = Blocstagram;
			productReference = FE6760D51B0180D5007476B0 /* Blocstagram.app */;
			productType = "com.apple.product-type.application";
		};
		FE6760ED1B0180D5007476B0 /* BlocstagramTests */ = {
			isa = PBXNativeTarget;
			buildConfigurationList = FE6760FB1B0180D5007476B0 /* Build configuration list for PBXNativeTarget "BlocstagramTests" */;
			buildPhases = (
				FE6760EA1B0180D5007476B0 /* Sources */,
				FE6760EB1B0180D5007476B0 /* Frameworks */,
				FE6760EC1B0180D5007476B0 /* Resources */,
			);
			buildRules = (
			);
			dependencies = (
				FE6760F01B0180D5007476B0 /* PBXTargetDependency */,
			);
			name = BlocstagramTests;
			productName = BlocstagramTests;
			productReference = FE6760EE1B0180D5007476B0 /* BlocstagramTests.xctest */;
			productType = "com.apple.product-type.bundle.unit-test";
		};
/* End PBXNativeTarget section */

/* Begin PBXProject section */
		FE6760CD1B0180D5007476B0 /* Project object */ = {
			isa = PBXProject;
			attributes = {
				LastUpgradeCheck = 0630;
				ORGANIZATIONNAME = "Michelle Rutherford";
				TargetAttributes = {
					FE6760D41B0180D5007476B0 = {
						CreatedOnToolsVersion = 6.3.1;
					};
					FE6760ED1B0180D5007476B0 = {
						CreatedOnToolsVersion = 6.3.1;
						TestTargetID = FE6760D41B0180D5007476B0;
					};
				};
			};
			buildConfigurationList = FE6760D01B0180D5007476B0 /* Build configuration list for PBXProject "Blocstagram" */;
			compatibilityVersion = "Xcode 3.2";
			developmentRegion = English;
			hasScannedForEncodings = 0;
			knownRegions = (
				en,
				Base,
			);
			mainGroup = FE6760CC1B0180D5007476B0;
			productRefGroup = FE6760D61B0180D5007476B0 /* Products */;
			projectDirPath = "";
			projectRoot = "";
			targets = (
				FE6760D41B0180D5007476B0 /* Blocstagram */,
				FE6760ED1B0180D5007476B0 /* BlocstagramTests */,
			);
		};
/* End PBXProject section */

/* Begin PBXResourcesBuildPhase section */
		FE6760D31B0180D5007476B0 /* Resources */ = {
			isa = PBXResourcesBuildPhase;
			buildActionMask = 2147483647;
			files = (
				FE6761121B01819C007476B0 /* 10.jpg in Resources */,
				FE6761101B01819C007476B0 /* 8.jpg in Resources */,
				FE67610E1B01819C007476B0 /* 6.jpg in Resources */,
				FE6760E41B0180D5007476B0 /* Main.storyboard in Resources */,
				FE67610D1B01819C007476B0 /* 5.jpg in Resources */,
				FE67610C1B01819C007476B0 /* 4.jpg in Resources */,
				FE6761091B01819C007476B0 /* 1.jpg in Resources */,
				FE67610A1B01819C007476B0 /* 2.jpg in Resources */,
				FE67610B1B01819C007476B0 /* 3.jpg in Resources */,
				FE67610F1B01819C007476B0 /* 7.jpg in Resources */,
				FE6761111B01819C007476B0 /* 9.jpg in Resources */,
				FE6760E91B0180D5007476B0 /* LaunchScreen.xib in Resources */,
				FE6760E61B0180D5007476B0 /* Images.xcassets in Resources */,
			);
			runOnlyForDeploymentPostprocessing = 0;
		};
		FE6760EC1B0180D5007476B0 /* Resources */ = {
			isa = PBXResourcesBuildPhase;
			buildActionMask = 2147483647;
			files = (
			);
			runOnlyForDeploymentPostprocessing = 0;
		};
/* End PBXResourcesBuildPhase section */

/* Begin PBXSourcesBuildPhase section */
		FE6760D11B0180D5007476B0 /* Sources */ = {
			isa = PBXSourcesBuildPhase;
			buildActionMask = 2147483647;
			files = (
				FEF78F671B078EE100A7929C /* Comment.m in Sources */,
				FEF78F5E1B0785DE00A7929C /* User.m in Sources */,
				FE1DF8401B079AC600CFC79F /* MediaTableViewCell.m in Sources */,
				FEF78F611B0786B500A7929C /* Media.m in Sources */,
				FEF78F641B07884600A7929C /* DataSource.m in Sources */,
				FEA4DB711B5C226C0078A7E7 /* LoginViewController.m in Sources */,
				FE6760DE1B0180D5007476B0 /* AppDelegate.m in Sources */,
				FE6760DB1B0180D5007476B0 /* main.m in Sources */,
				FE6761151B0181CE007476B0 /* ImagesTableViewController.m in Sources */,
			);
			runOnlyForDeploymentPostprocessing = 0;
		};
		FE6760EA1B0180D5007476B0 /* Sources */ = {
			isa = PBXSourcesBuildPhase;
			buildActionMask = 2147483647;
			files = (
				FE6760F51B0180D5007476B0 /* BlocstagramTests.m in Sources */,
			);
			runOnlyForDeploymentPostprocessing = 0;
		};
/* End PBXSourcesBuildPhase section */

/* Begin PBXTargetDependency section */
		FE6760F01B0180D5007476B0 /* PBXTargetDependency */ = {
			isa = PBXTargetDependency;
			target = FE6760D41B0180D5007476B0 /* Blocstagram */;
			targetProxy = FE6760EF1B0180D5007476B0 /* PBXContainerItemProxy */;
		};
/* End PBXTargetDependency section */

/* Begin PBXVariantGroup section */
		FE6760E21B0180D5007476B0 /* Main.storyboard */ = {
			isa = PBXVariantGroup;
			children = (
				FE6760E31B0180D5007476B0 /* Base */,
			);
			name = Main.storyboard;
			sourceTree = "<group>";
		};
		FE6760E71B0180D5007476B0 /* LaunchScreen.xib */ = {
			isa = PBXVariantGroup;
			children = (
				FE6760E81B0180D5007476B0 /* Base */,
			);
			name = LaunchScreen.xib;
			sourceTree = "<group>";
		};
/* End PBXVariantGroup section */

/* Begin XCBuildConfiguration section */
		FE6760F61B0180D5007476B0 /* Debug */ = {
			isa = XCBuildConfiguration;
			buildSettings = {
				ALWAYS_SEARCH_USER_PATHS = NO;
				CLANG_CXX_LANGUAGE_STANDARD = "gnu++0x";
				CLANG_CXX_LIBRARY = "libc++";
				CLANG_ENABLE_MODULES = YES;
				CLANG_ENABLE_OBJC_ARC = YES;
				CLANG_WARN_BOOL_CONVERSION = YES;
				CLANG_WARN_CONSTANT_CONVERSION = YES;
				CLANG_WARN_DIRECT_OBJC_ISA_USAGE = YES_ERROR;
				CLANG_WARN_EMPTY_BODY = YES;
				CLANG_WARN_ENUM_CONVERSION = YES;
				CLANG_WARN_INT_CONVERSION = YES;
				CLANG_WARN_OBJC_ROOT_CLASS = YES_ERROR;
				CLANG_WARN_UNREACHABLE_CODE = YES;
				CLANG_WARN__DUPLICATE_METHOD_MATCH = YES;
				"CODE_SIGN_IDENTITY[sdk=iphoneos*]" = "iPhone Developer";
				COPY_PHASE_STRIP = NO;
				DEBUG_INFORMATION_FORMAT = "dwarf-with-dsym";
				ENABLE_STRICT_OBJC_MSGSEND = YES;
				GCC_C_LANGUAGE_STANDARD = gnu99;
				GCC_DYNAMIC_NO_PIC = NO;
				GCC_NO_COMMON_BLOCKS = YES;
				GCC_OPTIMIZATION_LEVEL = 0;
				GCC_PREPROCESSOR_DEFINITIONS = (
					"DEBUG=1",
					"$(inherited)",
				);
				GCC_SYMBOLS_PRIVATE_EXTERN = NO;
				GCC_WARN_64_TO_32_BIT_CONVERSION = YES;
				GCC_WARN_ABOUT_RETURN_TYPE = YES_ERROR;
				GCC_WARN_UNDECLARED_SELECTOR = YES;
				GCC_WARN_UNINITIALIZED_AUTOS = YES_AGGRESSIVE;
				GCC_WARN_UNUSED_FUNCTION = YES;
				GCC_WARN_UNUSED_VARIABLE = YES;
				IPHONEOS_DEPLOYMENT_TARGET = 8.3;
				MTL_ENABLE_DEBUG_INFO = YES;
				ONLY_ACTIVE_ARCH = YES;
				SDKROOT = iphoneos;
				TARGETED_DEVICE_FAMILY = "1,2";
			};
			name = Debug;
		};
		FE6760F71B0180D5007476B0 /* Release */ = {
			isa = XCBuildConfiguration;
			buildSettings = {
				ALWAYS_SEARCH_USER_PATHS = NO;
				CLANG_CXX_LANGUAGE_STANDARD = "gnu++0x";
				CLANG_CXX_LIBRARY = "libc++";
				CLANG_ENABLE_MODULES = YES;
				CLANG_ENABLE_OBJC_ARC = YES;
				CLANG_WARN_BOOL_CONVERSION = YES;
				CLANG_WARN_CONSTANT_CONVERSION = YES;
				CLANG_WARN_DIRECT_OBJC_ISA_USAGE = YES_ERROR;
				CLANG_WARN_EMPTY_BODY = YES;
				CLANG_WARN_ENUM_CONVERSION = YES;
				CLANG_WARN_INT_CONVERSION = YES;
				CLANG_WARN_OBJC_ROOT_CLASS = YES_ERROR;
				CLANG_WARN_UNREACHABLE_CODE = YES;
				CLANG_WARN__DUPLICATE_METHOD_MATCH = YES;
				"CODE_SIGN_IDENTITY[sdk=iphoneos*]" = "iPhone Developer";
				COPY_PHASE_STRIP = NO;
				DEBUG_INFORMATION_FORMAT = "dwarf-with-dsym";
				ENABLE_NS_ASSERTIONS = NO;
				ENABLE_STRICT_OBJC_MSGSEND = YES;
				GCC_C_LANGUAGE_STANDARD = gnu99;
				GCC_NO_COMMON_BLOCKS = YES;
				GCC_WARN_64_TO_32_BIT_CONVERSION = YES;
				GCC_WARN_ABOUT_RETURN_TYPE = YES_ERROR;
				GCC_WARN_UNDECLARED_SELECTOR = YES;
				GCC_WARN_UNINITIALIZED_AUTOS = YES_AGGRESSIVE;
				GCC_WARN_UNUSED_FUNCTION = YES;
				GCC_WARN_UNUSED_VARIABLE = YES;
				IPHONEOS_DEPLOYMENT_TARGET = 8.3;
				MTL_ENABLE_DEBUG_INFO = NO;
				SDKROOT = iphoneos;
				TARGETED_DEVICE_FAMILY = "1,2";
				VALIDATE_PRODUCT = YES;
			};
			name = Release;
		};
		FE6760F91B0180D5007476B0 /* Debug */ = {
			isa = XCBuildConfiguration;
			buildSettings = {
				ASSETCATALOG_COMPILER_APPICON_NAME = AppIcon;
				INFOPLIST_FILE = Blocstagram/Info.plist;
				LD_RUNPATH_SEARCH_PATHS = "$(inherited) @executable_path/Frameworks";
				PRODUCT_NAME = "$(TARGET_NAME)";
			};
			name = Debug;
		};
		FE6760FA1B0180D5007476B0 /* Release */ = {
			isa = XCBuildConfiguration;
			buildSettings = {
				ASSETCATALOG_COMPILER_APPICON_NAME = AppIcon;
				INFOPLIST_FILE = Blocstagram/Info.plist;
				LD_RUNPATH_SEARCH_PATHS = "$(inherited) @executable_path/Frameworks";
				PRODUCT_NAME = "$(TARGET_NAME)";
			};
			name = Release;
		};
		FE6760FC1B0180D5007476B0 /* Debug */ = {
			isa = XCBuildConfiguration;
			buildSettings = {
				BUNDLE_LOADER = "$(TEST_HOST)";
				FRAMEWORK_SEARCH_PATHS = (
					"$(SDKROOT)/Developer/Library/Frameworks",
					"$(inherited)",
				);
				GCC_PREPROCESSOR_DEFINITIONS = (
					"DEBUG=1",
					"$(inherited)",
				);
				INFOPLIST_FILE = BlocstagramTests/Info.plist;
				LD_RUNPATH_SEARCH_PATHS = "$(inherited) @executable_path/Frameworks @loader_path/Frameworks";
				PRODUCT_NAME = "$(TARGET_NAME)";
				TEST_HOST = "$(BUILT_PRODUCTS_DIR)/Blocstagram.app/Blocstagram";
			};
			name = Debug;
		};
		FE6760FD1B0180D5007476B0 /* Release */ = {
			isa = XCBuildConfiguration;
			buildSettings = {
				BUNDLE_LOADER = "$(TEST_HOST)";
				FRAMEWORK_SEARCH_PATHS = (
					"$(SDKROOT)/Developer/Library/Frameworks",
					"$(inherited)",
				);
				INFOPLIST_FILE = BlocstagramTests/Info.plist;
				LD_RUNPATH_SEARCH_PATHS = "$(inherited) @executable_path/Frameworks @loader_path/Frameworks";
				PRODUCT_NAME = "$(TARGET_NAME)";
				TEST_HOST = "$(BUILT_PRODUCTS_DIR)/Blocstagram.app/Blocstagram";
			};
			name = Release;
		};
/* End XCBuildConfiguration section */

/* Begin XCConfigurationList section */
		FE6760D01B0180D5007476B0 /* Build configuration list for PBXProject "Blocstagram" */ = {
			isa = XCConfigurationList;
			buildConfigurations = (
				FE6760F61B0180D5007476B0 /* Debug */,
				FE6760F71B0180D5007476B0 /* Release */,
			);
			defaultConfigurationIsVisible = 0;
			defaultConfigurationName = Release;
		};
		FE6760F81B0180D5007476B0 /* Build configuration list for PBXNativeTarget "Blocstagram" */ = {
			isa = XCConfigurationList;
			buildConfigurations = (
				FE6760F91B0180D5007476B0 /* Debug */,
				FE6760FA1B0180D5007476B0 /* Release */,
			);
			defaultConfigurationIsVisible = 0;
			defaultConfigurationName = Release;
		};
		FE6760FB1B0180D5007476B0 /* Build configuration list for PBXNativeTarget "BlocstagramTests" */ = {
			isa = XCConfigurationList;
			buildConfigurations = (
				FE6760FC1B0180D5007476B0 /* Debug */,
				FE6760FD1B0180D5007476B0 /* Release */,
			);
			defaultConfigurationIsVisible = 0;
			defaultConfigurationName = Release;
		};
/* End XCConfigurationList section */
	};
	rootObject = FE6760CD1B0180D5007476B0 /* Project object */;
}
